<?xml version="1.0" encoding="UTF-8" standalone="yes" ?>
<CodeBlocks_project_file>
	<FileVersion major="1" minor="6" />
	<Project>
		<Option title="ThriftCpp" />
		<Option pch_mode="2" />
		<Option compiler="gcc" />
		<Build>
			<Target title="Debug">
				<Option output="bin/Debug/ThriftCpp" prefix_auto="1" extension_auto="1" />
				<Option object_output="obj/Debug/" />
				<Option type="1" />
				<Option compiler="gcc" />
				<Compiler>
					<Add option="-g" />
				</Compiler>
			</Target>
			<Target title="Release">
				<Option output="bin/Release/ThriftCpp" prefix_auto="1" extension_auto="1" />
				<Option object_output="obj/Release/" />
				<Option type="1" />
				<Option compiler="gcc" />
				<Compiler>
					<Add option="-O2" />
				</Compiler>
				<Linker>
					<Add option="-s" />
				</Linker>
			</Target>
		</Build>
		<Compiler>
			<Add option="-Wall" />
			<Add option="-fexceptions" />
		</Compiler>
		<Unit filename="Calculator.cpp" />
		<Unit filename="Calculator.h" />
		<Unit filename="Calculator_server.skeleton.cpp" />
		<Unit filename="SharedService.cpp" />
		<Unit filename="SharedService.h" />
		<Unit filename="SharedService_server.skeleton.cpp" />
		<Unit filename="main.cpp" />
		<Unit filename="shared_constants.cpp" />
		<Unit filename="shared_constants.h" />
		<Unit filename="shared_types.cpp" />
		<Unit filename="shared_types.h" />
		<Unit filename="tutorial_constants.cpp" />
		<Unit filename="tutorial_constants.h" />
		<Unit filename="tutorial_types.cpp" />
		<Unit filename="tutorial_types.h" />
		<Extensions>
			<code_completion />
			<envvars />
			<debugger />
		</Extensions>
	</Project>
</CodeBlocks_project_file>
