<?xml version="1.0" encoding="UTF-8" standalone="yes" ?>
<CodeBlocks_project_file>
	<FileVersion major="1" minor="6" />
	<Project>
		<Option title="ThriftCpp" />
		<Option pch_mode="2" />
		<Option compiler="gcc" />
		<Build>
			<Target title="Debug">
				<Option output="bin/Debug/ThriftCpp" prefix_auto="1" extension_auto="1" />
				<Option object_output="obj/Debug/" />
				<Option type="1" />
				<Option compiler="gcc" />
				<Compiler>
					<Add option="-g" />
					<Add directory="thrift" />
				</Compiler>
				<Linker>
					<Add library="thread" />
					<Add directory="thrift" />
				</Linker>
			</Target>
			<Target title="Release">
				<Option output="bin/Release/ThriftCpp" prefix_auto="1" extension_auto="1" />
				<Option object_output="obj/Release/" />
				<Option type="1" />
				<Option compiler="gcc" />
				<Compiler>
					<Add option="-O2" />
					<Add directory="thrift" />
				</Compiler>
				<Linker>
					<Add option="-s" />
					<Add directory="thrift" />
				</Linker>
			</Target>
		</Build>
		<Compiler>
			<Add option="-Wall" />
			<Add option="-fexceptions" />
		</Compiler>
		<Unit filename="Calculator.cpp" />
		<Unit filename="Calculator.h" />
		<Unit filename="Calculator_server.skeleton.cpp" />
		<Unit filename="SharedService.cpp" />
		<Unit filename="SharedService.h" />
		<Unit filename="SharedService_server.skeleton.cpp" />
		<Unit filename="server.cpp" />
		<Unit filename="shared_constants.cpp" />
		<Unit filename="shared_constants.h" />
		<Unit filename="shared_types.cpp" />
		<Unit filename="shared_types.h" />
		<Unit filename="thrift/TApplicationException.cpp" />
		<Unit filename="thrift/TApplicationException.h" />
		<Unit filename="thrift/TDispatchProcessor.h" />
		<Unit filename="thrift/TLogging.h" />
		<Unit filename="thrift/TOutput.cpp" />
		<Unit filename="thrift/TOutput.h" />
		<Unit filename="thrift/TProcessor.h" />
		<Unit filename="thrift/TToString.h" />
		<Unit filename="thrift/Thrift.h" />
		<Unit filename="thrift/VirtualProfiling.cpp" />
		<Unit filename="thrift/async/TAsyncBufferProcessor.h" />
		<Unit filename="thrift/async/TAsyncChannel.cpp" />
		<Unit filename="thrift/async/TAsyncChannel.h" />
		<Unit filename="thrift/async/TAsyncDispatchProcessor.h" />
		<Unit filename="thrift/async/TAsyncProcessor.h" />
		<Unit filename="thrift/async/TAsyncProtocolProcessor.cpp" />
		<Unit filename="thrift/async/TAsyncProtocolProcessor.h" />
		<Unit filename="thrift/async/TConcurrentClientSyncInfo.cpp" />
		<Unit filename="thrift/async/TConcurrentClientSyncInfo.h" />
		<Unit filename="thrift/async/TEvhttpClientChannel.cpp" />
		<Unit filename="thrift/async/TEvhttpClientChannel.h" />
		<Unit filename="thrift/async/TEvhttpServer.cpp" />
		<Unit filename="thrift/async/TEvhttpServer.h" />
		<Unit filename="thrift/concurrency/BoostMonitor.cpp" />
		<Unit filename="thrift/concurrency/BoostMutex.cpp" />
		<Unit filename="thrift/concurrency/BoostThreadFactory.cpp" />
		<Unit filename="thrift/concurrency/BoostThreadFactory.h" />
		<Unit filename="thrift/concurrency/Exception.h" />
		<Unit filename="thrift/concurrency/FunctionRunner.h" />
		<Unit filename="thrift/concurrency/Monitor.cpp" />
		<Unit filename="thrift/concurrency/Monitor.h" />
		<Unit filename="thrift/concurrency/Mutex.cpp" />
		<Unit filename="thrift/concurrency/Mutex.h" />
		<Unit filename="thrift/concurrency/PlatformThreadFactory.h" />
		<Unit filename="thrift/concurrency/PosixThreadFactory.cpp" />
		<Unit filename="thrift/concurrency/PosixThreadFactory.h" />
		<Unit filename="thrift/concurrency/StdMonitor.cpp" />
		<Unit filename="thrift/concurrency/StdMutex.cpp" />
		<Unit filename="thrift/concurrency/StdThreadFactory.cpp" />
		<Unit filename="thrift/concurrency/StdThreadFactory.h" />
		<Unit filename="thrift/concurrency/Thread.h" />
		<Unit filename="thrift/concurrency/ThreadManager.cpp" />
		<Unit filename="thrift/concurrency/ThreadManager.h" />
		<Unit filename="thrift/concurrency/TimerManager.cpp" />
		<Unit filename="thrift/concurrency/TimerManager.h" />
		<Unit filename="thrift/concurrency/Util.cpp" />
		<Unit filename="thrift/concurrency/Util.h" />
		<Unit filename="thrift/cxxfunctional.h" />
		<Unit filename="thrift/processor/PeekProcessor.cpp" />
		<Unit filename="thrift/processor/PeekProcessor.h" />
		<Unit filename="thrift/processor/StatsProcessor.h" />
		<Unit filename="thrift/processor/TMultiplexedProcessor.h" />
		<Unit filename="thrift/protocol/TBase64Utils.cpp" />
		<Unit filename="thrift/protocol/TBase64Utils.h" />
		<Unit filename="thrift/protocol/TBinaryProtocol.h" />
		<Unit filename="thrift/protocol/TCompactProtocol.h" />
		<Unit filename="thrift/protocol/TDebugProtocol.cpp" />
		<Unit filename="thrift/protocol/TDebugProtocol.h" />
		<Unit filename="thrift/protocol/TJSONProtocol.cpp" />
		<Unit filename="thrift/protocol/TJSONProtocol.h" />
		<Unit filename="thrift/protocol/TMultiplexedProtocol.cpp" />
		<Unit filename="thrift/protocol/TMultiplexedProtocol.h" />
		<Unit filename="thrift/protocol/TProtocol.cpp" />
		<Unit filename="thrift/protocol/TProtocol.h" />
		<Unit filename="thrift/protocol/TProtocolDecorator.h" />
		<Unit filename="thrift/protocol/TProtocolException.h" />
		<Unit filename="thrift/protocol/TProtocolTap.h" />
		<Unit filename="thrift/protocol/TVirtualProtocol.h" />
		<Unit filename="thrift/qt/TQIODeviceTransport.cpp" />
		<Unit filename="thrift/qt/TQIODeviceTransport.h" />
		<Unit filename="thrift/qt/TQTcpServer.cpp" />
		<Unit filename="thrift/qt/TQTcpServer.h" />
		<Unit filename="thrift/server/TConnectedClient.cpp" />
		<Unit filename="thrift/server/TConnectedClient.h" />
		<Unit filename="thrift/server/TNonblockingServer.cpp" />
		<Unit filename="thrift/server/TNonblockingServer.h" />
		<Unit filename="thrift/server/TServer.cpp" />
		<Unit filename="thrift/server/TServer.h" />
		<Unit filename="thrift/server/TServerFramework.cpp" />
		<Unit filename="thrift/server/TServerFramework.h" />
		<Unit filename="thrift/server/TSimpleServer.cpp" />
		<Unit filename="thrift/server/TSimpleServer.h" />
		<Unit filename="thrift/server/TThreadPoolServer.cpp" />
		<Unit filename="thrift/server/TThreadPoolServer.h" />
		<Unit filename="thrift/server/TThreadedServer.cpp" />
		<Unit filename="thrift/server/TThreadedServer.h" />
		<Unit filename="thrift/thrift-config.h" />
		<Unit filename="thrift/transport/PlatformSocket.h" />
		<Unit filename="thrift/transport/TBufferTransports.cpp" />
		<Unit filename="thrift/transport/TBufferTransports.h" />
		<Unit filename="thrift/transport/TFDTransport.cpp" />
		<Unit filename="thrift/transport/TFDTransport.h" />
		<Unit filename="thrift/transport/TFileTransport.cpp" />
		<Unit filename="thrift/transport/TFileTransport.h" />
		<Unit filename="thrift/transport/THttpClient.cpp" />
		<Unit filename="thrift/transport/THttpClient.h" />
		<Unit filename="thrift/transport/THttpServer.cpp" />
		<Unit filename="thrift/transport/THttpServer.h" />
		<Unit filename="thrift/transport/THttpTransport.cpp" />
		<Unit filename="thrift/transport/THttpTransport.h" />
		<Unit filename="thrift/transport/TPipe.cpp" />
		<Unit filename="thrift/transport/TPipe.h" />
		<Unit filename="thrift/transport/TPipeServer.cpp" />
		<Unit filename="thrift/transport/TPipeServer.h" />
		<Unit filename="thrift/transport/TSSLServerSocket.cpp" />
		<Unit filename="thrift/transport/TSSLServerSocket.h" />
		<Unit filename="thrift/transport/TSSLSocket.cpp" />
		<Unit filename="thrift/transport/TSSLSocket.h" />
		<Unit filename="thrift/transport/TServerSocket.cpp" />
		<Unit filename="thrift/transport/TServerSocket.h" />
		<Unit filename="thrift/transport/TServerTransport.h" />
		<Unit filename="thrift/transport/TShortReadTransport.h" />
		<Unit filename="thrift/transport/TSimpleFileTransport.cpp" />
		<Unit filename="thrift/transport/TSimpleFileTransport.h" />
		<Unit filename="thrift/transport/TSocket.cpp" />
		<Unit filename="thrift/transport/TSocket.h" />
		<Unit filename="thrift/transport/TSocketPool.cpp" />
		<Unit filename="thrift/transport/TSocketPool.h" />
		<Unit filename="thrift/transport/TTransport.h" />
		<Unit filename="thrift/transport/TTransportException.cpp" />
		<Unit filename="thrift/transport/TTransportException.h" />
		<Unit filename="thrift/transport/TTransportUtils.cpp" />
		<Unit filename="thrift/transport/TTransportUtils.h" />
		<Unit filename="thrift/transport/TVirtualTransport.h" />
		<Unit filename="thrift/transport/TZlibTransport.cpp" />
		<Unit filename="thrift/transport/TZlibTransport.h" />
		<Unit filename="thrift/windows/GetTimeOfDay.cpp" />
		<Unit filename="thrift/windows/GetTimeOfDay.h" />
		<Unit filename="thrift/windows/Operators.h" />
		<Unit filename="thrift/windows/OverlappedSubmissionThread.cpp" />
		<Unit filename="thrift/windows/OverlappedSubmissionThread.h" />
		<Unit filename="thrift/windows/SocketPair.cpp" />
		<Unit filename="thrift/windows/SocketPair.h" />
		<Unit filename="thrift/windows/Sync.h" />
		<Unit filename="thrift/windows/TWinsockSingleton.cpp" />
		<Unit filename="thrift/windows/TWinsockSingleton.h" />
		<Unit filename="thrift/windows/WinFcntl.cpp" />
		<Unit filename="thrift/windows/WinFcntl.h" />
		<Unit filename="thrift/windows/config.h" />
		<Unit filename="tutorial_constants.cpp" />
		<Unit filename="tutorial_constants.h" />
		<Unit filename="tutorial_types.cpp" />
		<Unit filename="tutorial_types.h" />
		<Extensions>
			<code_completion />
			<envvars />
			<debugger />
		</Extensions>
	</Project>
</CodeBlocks_project_file>
